
Microsoft Visual Studio Solution File, Format Version 12.00
# Visual Studio Version 17
VisualStudioVersion = 17.13.35931.197 d17.13
MinimumVisualStudioVersion = 10.0.40219.1
Project("{FAE04EC0-301F-11D3-BF4B-00C04F79EFBC}") = "Pixtack4", "Pixtack4.csproj", "{BA16C582-F242-46A4-856B-8F3B967DE6AE}"
EndProject
Global
	GlobalSection(SolutionConfigurationPlatforms) = preSolution
		Debug|Any CPU = Debug|Any CPU
		Release|Any CPU = Release|Any CPU
	EndGlobalSection
	GlobalSection(ProjectConfigurationPlatforms) = postSolution
		{BA16C582-F242-46A4-856B-8F3B967DE6AE}.Debug|Any CPU.ActiveCfg = Debug|Any CPU
		{BA16C582-F242-46A4-856B-8F3B967DE6AE}.Debug|Any CPU.Build.0 = Debug|Any CPU
		{BA16C582-F242-46A4-856B-8F3B967DE6AE}.Release|Any CPU.ActiveCfg = Release|Any CPU
		{BA16C582-F242-46A4-856B-8F3B967DE6AE}.Release|Any CPU.Build.0 = Release|Any CPU
	EndGlobalSection
	GlobalSection(SolutionProperties) = preSolution
		HideSolutionNode = FALSE
	EndGlobalSection
	GlobalSection(ExtensibilityGlobals) = postSolution
		SolutionGuid = {6FF783FC-2483-43AA-8563-93586A0A075E}
	EndGlobalSection
EndGlobal
