
Microsoft Visual Studio Solution File, Format Version 12.00
# Visual Studio Version 17
VisualStudioVersion = 17.13.35931.197 d17.13
MinimumVisualStudioVersion = 10.0.40219.1
Project("{FAE04EC0-301F-11D3-BF4B-00C04F79EFBC}") = "20250503_01", "20250503_01.csproj", "{50E2C126-E206-4B13-83A0-9C0ABD3B4FC4}"
EndProject
Global
	GlobalSection(SolutionConfigurationPlatforms) = preSolution
		Debug|Any CPU = Debug|Any CPU
		Release|Any CPU = Release|Any CPU
	EndGlobalSection
	GlobalSection(ProjectConfigurationPlatforms) = postSolution
		{50E2C126-E206-4B13-83A0-9C0ABD3B4FC4}.Debug|Any CPU.ActiveCfg = Debug|Any CPU
		{50E2C126-E206-4B13-83A0-9C0ABD3B4FC4}.Debug|Any CPU.Build.0 = Debug|Any CPU
		{50E2C126-E206-4B13-83A0-9C0ABD3B4FC4}.Release|Any CPU.ActiveCfg = Release|Any CPU
		{50E2C126-E206-4B13-83A0-9C0ABD3B4FC4}.Release|Any CPU.Build.0 = Release|Any CPU
	EndGlobalSection
	GlobalSection(SolutionProperties) = preSolution
		HideSolutionNode = FALSE
	EndGlobalSection
	GlobalSection(ExtensibilityGlobals) = postSolution
		SolutionGuid = {10EA9412-8737-4F37-9C56-61D64C8ABCDC}
	EndGlobalSection
EndGlobal
