
Microsoft Visual Studio Solution File, Format Version 12.00
# Visual Studio Version 17
VisualStudioVersion = 17.13.35806.99 d17.13
MinimumVisualStudioVersion = 10.0.40219.1
Project("{FAE04EC0-301F-11D3-BF4B-00C04F79EFBC}") = "20250218", "20250218.csproj", "{F6368375-983E-4153-971E-90617A9F8D05}"
EndProject
Global
	GlobalSection(SolutionConfigurationPlatforms) = preSolution
		Debug|Any CPU = Debug|Any CPU
		Release|Any CPU = Release|Any CPU
	EndGlobalSection
	GlobalSection(ProjectConfigurationPlatforms) = postSolution
		{F6368375-983E-4153-971E-90617A9F8D05}.Debug|Any CPU.ActiveCfg = Debug|Any CPU
		{F6368375-983E-4153-971E-90617A9F8D05}.Debug|Any CPU.Build.0 = Debug|Any CPU
		{F6368375-983E-4153-971E-90617A9F8D05}.Release|Any CPU.ActiveCfg = Release|Any CPU
		{F6368375-983E-4153-971E-90617A9F8D05}.Release|Any CPU.Build.0 = Release|Any CPU
	EndGlobalSection
	GlobalSection(SolutionProperties) = preSolution
		HideSolutionNode = FALSE
	EndGlobalSection
	GlobalSection(ExtensibilityGlobals) = postSolution
		SolutionGuid = {44827F01-D2BE-4B18-B53E-269FE19C81B4}
	EndGlobalSection
EndGlobal
