
Microsoft Visual Studio Solution File, Format Version 12.00
# Visual Studio Version 17
VisualStudioVersion = 17.14.36203.30 d17.14
MinimumVisualStudioVersion = 10.0.40219.1
Project("{FAE04EC0-301F-11D3-BF4B-00C04F79EFBC}") = "20250616", "20250616.csproj", "{0328BE76-1426-4E81-8973-857989F93603}"
EndProject
Global
	GlobalSection(SolutionConfigurationPlatforms) = preSolution
		Debug|Any CPU = Debug|Any CPU
		Release|Any CPU = Release|Any CPU
	EndGlobalSection
	GlobalSection(ProjectConfigurationPlatforms) = postSolution
		{0328BE76-1426-4E81-8973-857989F93603}.Debug|Any CPU.ActiveCfg = Debug|Any CPU
		{0328BE76-1426-4E81-8973-857989F93603}.Debug|Any CPU.Build.0 = Debug|Any CPU
		{0328BE76-1426-4E81-8973-857989F93603}.Release|Any CPU.ActiveCfg = Release|Any CPU
		{0328BE76-1426-4E81-8973-857989F93603}.Release|Any CPU.Build.0 = Release|Any CPU
	EndGlobalSection
	GlobalSection(SolutionProperties) = preSolution
		HideSolutionNode = FALSE
	EndGlobalSection
	GlobalSection(ExtensibilityGlobals) = postSolution
		SolutionGuid = {31E723FD-DC08-46B4-BC1D-58D53E72B4C4}
	EndGlobalSection
EndGlobal
