
Microsoft Visual Studio Solution File, Format Version 12.00
# Visual Studio Version 17
VisualStudioVersion = 17.13.35825.156 d17.13
MinimumVisualStudioVersion = 10.0.40219.1
Project("{FAE04EC0-301F-11D3-BF4B-00C04F79EFBC}") = "20250310", "20250310.csproj", "{0BA034AE-0F6B-417F-B7DF-7E57059B4DF4}"
EndProject
Global
	GlobalSection(SolutionConfigurationPlatforms) = preSolution
		Debug|Any CPU = Debug|Any CPU
		Release|Any CPU = Release|Any CPU
	EndGlobalSection
	GlobalSection(ProjectConfigurationPlatforms) = postSolution
		{0BA034AE-0F6B-417F-B7DF-7E57059B4DF4}.Debug|Any CPU.ActiveCfg = Debug|Any CPU
		{0BA034AE-0F6B-417F-B7DF-7E57059B4DF4}.Debug|Any CPU.Build.0 = Debug|Any CPU
		{0BA034AE-0F6B-417F-B7DF-7E57059B4DF4}.Release|Any CPU.ActiveCfg = Release|Any CPU
		{0BA034AE-0F6B-417F-B7DF-7E57059B4DF4}.Release|Any CPU.Build.0 = Release|Any CPU
	EndGlobalSection
	GlobalSection(SolutionProperties) = preSolution
		HideSolutionNode = FALSE
	EndGlobalSection
	GlobalSection(ExtensibilityGlobals) = postSolution
		SolutionGuid = {368292A1-F293-45AF-8638-E6E08A6D4692}
	EndGlobalSection
EndGlobal
