
Microsoft Visual Studio Solution File, Format Version 12.00
# Visual Studio Version 17
VisualStudioVersion = 17.14.36109.1 d17.14
MinimumVisualStudioVersion = 10.0.40219.1
Project("{FAE04EC0-301F-11D3-BF4B-00C04F79EFBC}") = "20250519", "20250519.csproj", "{8175DF10-71F3-43DE-9527-7906FB591E03}"
EndProject
Global
	GlobalSection(SolutionConfigurationPlatforms) = preSolution
		Debug|Any CPU = Debug|Any CPU
		Release|Any CPU = Release|Any CPU
	EndGlobalSection
	GlobalSection(ProjectConfigurationPlatforms) = postSolution
		{8175DF10-71F3-43DE-9527-7906FB591E03}.Debug|Any CPU.ActiveCfg = Debug|Any CPU
		{8175DF10-71F3-43DE-9527-7906FB591E03}.Debug|Any CPU.Build.0 = Debug|Any CPU
		{8175DF10-71F3-43DE-9527-7906FB591E03}.Release|Any CPU.ActiveCfg = Release|Any CPU
		{8175DF10-71F3-43DE-9527-7906FB591E03}.Release|Any CPU.Build.0 = Release|Any CPU
	EndGlobalSection
	GlobalSection(SolutionProperties) = preSolution
		HideSolutionNode = FALSE
	EndGlobalSection
	GlobalSection(ExtensibilityGlobals) = postSolution
		SolutionGuid = {DF6C3DB6-1093-4E49-97D4-091A0A9CD075}
	EndGlobalSection
EndGlobal
