
Microsoft Visual Studio Solution File, Format Version 12.00
# Visual Studio Version 17
VisualStudioVersion = 17.14.36221.1 d17.14
MinimumVisualStudioVersion = 10.0.40219.1
Project("{FAE04EC0-301F-11D3-BF4B-00C04F79EFBC}") = "20250703HSV", "20250703HSV.csproj", "{5C649E9A-B5CF-46C2-B30C-85615ECB8901}"
EndProject
Global
	GlobalSection(SolutionConfigurationPlatforms) = preSolution
		Debug|Any CPU = Debug|Any CPU
		Release|Any CPU = Release|Any CPU
	EndGlobalSection
	GlobalSection(ProjectConfigurationPlatforms) = postSolution
		{5C649E9A-B5CF-46C2-B30C-85615ECB8901}.Debug|Any CPU.ActiveCfg = Debug|Any CPU
		{5C649E9A-B5CF-46C2-B30C-85615ECB8901}.Debug|Any CPU.Build.0 = Debug|Any CPU
		{5C649E9A-B5CF-46C2-B30C-85615ECB8901}.Release|Any CPU.ActiveCfg = Release|Any CPU
		{5C649E9A-B5CF-46C2-B30C-85615ECB8901}.Release|Any CPU.Build.0 = Release|Any CPU
	EndGlobalSection
	GlobalSection(SolutionProperties) = preSolution
		HideSolutionNode = FALSE
	EndGlobalSection
	GlobalSection(ExtensibilityGlobals) = postSolution
		SolutionGuid = {69EB08FF-F353-4A6D-814C-A83D1F623845}
	EndGlobalSection
EndGlobal
