
Microsoft Visual Studio Solution File, Format Version 12.00
# Visual Studio Version 17
VisualStudioVersion = 17.13.35931.197 d17.13
MinimumVisualStudioVersion = 10.0.40219.1
Project("{FAE04EC0-301F-11D3-BF4B-00C04F79EFBC}") = "20250412_01", "20250412_01.csproj", "{413B3E68-551F-4E14-A0FC-771AF9BE36AC}"
EndProject
Global
	GlobalSection(SolutionConfigurationPlatforms) = preSolution
		Debug|Any CPU = Debug|Any CPU
		Release|Any CPU = Release|Any CPU
	EndGlobalSection
	GlobalSection(ProjectConfigurationPlatforms) = postSolution
		{413B3E68-551F-4E14-A0FC-771AF9BE36AC}.Debug|Any CPU.ActiveCfg = Debug|Any CPU
		{413B3E68-551F-4E14-A0FC-771AF9BE36AC}.Debug|Any CPU.Build.0 = Debug|Any CPU
		{413B3E68-551F-4E14-A0FC-771AF9BE36AC}.Release|Any CPU.ActiveCfg = Release|Any CPU
		{413B3E68-551F-4E14-A0FC-771AF9BE36AC}.Release|Any CPU.Build.0 = Release|Any CPU
	EndGlobalSection
	GlobalSection(SolutionProperties) = preSolution
		HideSolutionNode = FALSE
	EndGlobalSection
	GlobalSection(ExtensibilityGlobals) = postSolution
		SolutionGuid = {231551AB-44CA-4600-AD9A-E86313EEBCC9}
	EndGlobalSection
EndGlobal
