
Microsoft Visual Studio Solution File, Format Version 12.00
# Visual Studio Version 17
VisualStudioVersion = 17.13.35825.156 d17.13
MinimumVisualStudioVersion = 10.0.40219.1
Project("{FAE04EC0-301F-11D3-BF4B-00C04F79EFBC}") = "20250228", "20250228.csproj", "{B3A249D5-F9EC-45C9-A885-1DAF977F706D}"
EndProject
Global
	GlobalSection(SolutionConfigurationPlatforms) = preSolution
		Debug|Any CPU = Debug|Any CPU
		Release|Any CPU = Release|Any CPU
	EndGlobalSection
	GlobalSection(ProjectConfigurationPlatforms) = postSolution
		{B3A249D5-F9EC-45C9-A885-1DAF977F706D}.Debug|Any CPU.ActiveCfg = Debug|Any CPU
		{B3A249D5-F9EC-45C9-A885-1DAF977F706D}.Debug|Any CPU.Build.0 = Debug|Any CPU
		{B3A249D5-F9EC-45C9-A885-1DAF977F706D}.Release|Any CPU.ActiveCfg = Release|Any CPU
		{B3A249D5-F9EC-45C9-A885-1DAF977F706D}.Release|Any CPU.Build.0 = Release|Any CPU
	EndGlobalSection
	GlobalSection(SolutionProperties) = preSolution
		HideSolutionNode = FALSE
	EndGlobalSection
	GlobalSection(ExtensibilityGlobals) = postSolution
		SolutionGuid = {047A2A46-C010-423B-AA7E-47DAEA656B2A}
	EndGlobalSection
EndGlobal
