
Microsoft Visual Studio Solution File, Format Version 12.00
# Visual Studio Version 17
VisualStudioVersion = 17.14.36202.13 d17.14
MinimumVisualStudioVersion = 10.0.40219.1
Project("{FAE04EC0-301F-11D3-BF4B-00C04F79EFBC}") = "20250605", "20250605.csproj", "{DB3ED53E-70F9-4FCB-B452-48F684705523}"
EndProject
Global
	GlobalSection(SolutionConfigurationPlatforms) = preSolution
		Debug|Any CPU = Debug|Any CPU
		Release|Any CPU = Release|Any CPU
	EndGlobalSection
	GlobalSection(ProjectConfigurationPlatforms) = postSolution
		{DB3ED53E-70F9-4FCB-B452-48F684705523}.Debug|Any CPU.ActiveCfg = Debug|Any CPU
		{DB3ED53E-70F9-4FCB-B452-48F684705523}.Debug|Any CPU.Build.0 = Debug|Any CPU
		{DB3ED53E-70F9-4FCB-B452-48F684705523}.Release|Any CPU.ActiveCfg = Release|Any CPU
		{DB3ED53E-70F9-4FCB-B452-48F684705523}.Release|Any CPU.Build.0 = Release|Any CPU
	EndGlobalSection
	GlobalSection(SolutionProperties) = preSolution
		HideSolutionNode = FALSE
	EndGlobalSection
	GlobalSection(ExtensibilityGlobals) = postSolution
		SolutionGuid = {AA7BC11E-158A-4189-A6D0-2A0D6143BE4D}
	EndGlobalSection
EndGlobal
