
Microsoft Visual Studio Solution File, Format Version 12.00
# Visual Studio Version 17
VisualStudioVersion = 17.12.35707.178 d17.12
MinimumVisualStudioVersion = 10.0.40219.1
Project("{FAE04EC0-301F-11D3-BF4B-00C04F79EFBC}") = "20250202", "20250202.csproj", "{7E2994D0-7A9B-496C-BAD6-EE55FA2BEAFE}"
EndProject
Global
	GlobalSection(SolutionConfigurationPlatforms) = preSolution
		Debug|Any CPU = Debug|Any CPU
		Release|Any CPU = Release|Any CPU
	EndGlobalSection
	GlobalSection(ProjectConfigurationPlatforms) = postSolution
		{7E2994D0-7A9B-496C-BAD6-EE55FA2BEAFE}.Debug|Any CPU.ActiveCfg = Debug|Any CPU
		{7E2994D0-7A9B-496C-BAD6-EE55FA2BEAFE}.Debug|Any CPU.Build.0 = Debug|Any CPU
		{7E2994D0-7A9B-496C-BAD6-EE55FA2BEAFE}.Release|Any CPU.ActiveCfg = Release|Any CPU
		{7E2994D0-7A9B-496C-BAD6-EE55FA2BEAFE}.Release|Any CPU.Build.0 = Release|Any CPU
	EndGlobalSection
	GlobalSection(SolutionProperties) = preSolution
		HideSolutionNode = FALSE
	EndGlobalSection
EndGlobal
