
Microsoft Visual Studio Solution File, Format Version 12.00
# Visual Studio Version 17
VisualStudioVersion = 17.13.35825.156 d17.13
MinimumVisualStudioVersion = 10.0.40219.1
Project("{FAE04EC0-301F-11D3-BF4B-00C04F79EFBC}") = "20250301", "20250301.csproj", "{17AD52D5-FE7E-4024-8A9A-D7E0C3448796}"
EndProject
Global
	GlobalSection(SolutionConfigurationPlatforms) = preSolution
		Debug|Any CPU = Debug|Any CPU
		Release|Any CPU = Release|Any CPU
	EndGlobalSection
	GlobalSection(ProjectConfigurationPlatforms) = postSolution
		{17AD52D5-FE7E-4024-8A9A-D7E0C3448796}.Debug|Any CPU.ActiveCfg = Debug|Any CPU
		{17AD52D5-FE7E-4024-8A9A-D7E0C3448796}.Debug|Any CPU.Build.0 = Debug|Any CPU
		{17AD52D5-FE7E-4024-8A9A-D7E0C3448796}.Release|Any CPU.ActiveCfg = Release|Any CPU
		{17AD52D5-FE7E-4024-8A9A-D7E0C3448796}.Release|Any CPU.Build.0 = Release|Any CPU
	EndGlobalSection
	GlobalSection(SolutionProperties) = preSolution
		HideSolutionNode = FALSE
	EndGlobalSection
	GlobalSection(ExtensibilityGlobals) = postSolution
		SolutionGuid = {598596BC-2796-4FD9-86D2-6341D809E096}
	EndGlobalSection
EndGlobal
