
Microsoft Visual Studio Solution File, Format Version 12.00
# Visual Studio Version 17
VisualStudioVersion = 17.13.35825.156 d17.13
MinimumVisualStudioVersion = 10.0.40219.1
Project("{FAE04EC0-301F-11D3-BF4B-00C04F79EFBC}") = "20250307", "20250307.csproj", "{9231B48D-1B06-406F-BA8E-1489FE2D0136}"
EndProject
Global
	GlobalSection(SolutionConfigurationPlatforms) = preSolution
		Debug|Any CPU = Debug|Any CPU
		Release|Any CPU = Release|Any CPU
	EndGlobalSection
	GlobalSection(ProjectConfigurationPlatforms) = postSolution
		{9231B48D-1B06-406F-BA8E-1489FE2D0136}.Debug|Any CPU.ActiveCfg = Debug|Any CPU
		{9231B48D-1B06-406F-BA8E-1489FE2D0136}.Debug|Any CPU.Build.0 = Debug|Any CPU
		{9231B48D-1B06-406F-BA8E-1489FE2D0136}.Release|Any CPU.ActiveCfg = Release|Any CPU
		{9231B48D-1B06-406F-BA8E-1489FE2D0136}.Release|Any CPU.Build.0 = Release|Any CPU
	EndGlobalSection
	GlobalSection(SolutionProperties) = preSolution
		HideSolutionNode = FALSE
	EndGlobalSection
	GlobalSection(ExtensibilityGlobals) = postSolution
		SolutionGuid = {A18D513A-08FD-4366-AAD1-656E5BA4E3E6}
	EndGlobalSection
EndGlobal
