
Microsoft Visual Studio Solution File, Format Version 12.00
# Visual Studio Version 17
VisualStudioVersion = 17.13.35818.85 d17.13
MinimumVisualStudioVersion = 10.0.40219.1
Project("{FAE04EC0-301F-11D3-BF4B-00C04F79EFBC}") = "20250221", "20250221.csproj", "{4DEE9801-BAF9-4A95-9D0D-3782DBB94E0F}"
EndProject
Global
	GlobalSection(SolutionConfigurationPlatforms) = preSolution
		Debug|Any CPU = Debug|Any CPU
		Release|Any CPU = Release|Any CPU
	EndGlobalSection
	GlobalSection(ProjectConfigurationPlatforms) = postSolution
		{4DEE9801-BAF9-4A95-9D0D-3782DBB94E0F}.Debug|Any CPU.ActiveCfg = Debug|Any CPU
		{4DEE9801-BAF9-4A95-9D0D-3782DBB94E0F}.Debug|Any CPU.Build.0 = Debug|Any CPU
		{4DEE9801-BAF9-4A95-9D0D-3782DBB94E0F}.Release|Any CPU.ActiveCfg = Release|Any CPU
		{4DEE9801-BAF9-4A95-9D0D-3782DBB94E0F}.Release|Any CPU.Build.0 = Release|Any CPU
	EndGlobalSection
	GlobalSection(SolutionProperties) = preSolution
		HideSolutionNode = FALSE
	EndGlobalSection
	GlobalSection(ExtensibilityGlobals) = postSolution
		SolutionGuid = {BD187A94-A5AF-4DCB-953B-133F86178900}
	EndGlobalSection
EndGlobal
