
Microsoft Visual Studio Solution File, Format Version 12.00
# Visual Studio Version 17
VisualStudioVersion = 17.13.35919.96 d17.13
MinimumVisualStudioVersion = 10.0.40219.1
Project("{FAE04EC0-301F-11D3-BF4B-00C04F79EFBC}") = "20250407_GeoShapeWithBounds", "20250407_GeoShapeWithBounds.csproj", "{824A2457-47A6-44E1-AD2D-E103EFA83F96}"
EndProject
Global
	GlobalSection(SolutionConfigurationPlatforms) = preSolution
		Debug|Any CPU = Debug|Any CPU
		Release|Any CPU = Release|Any CPU
	EndGlobalSection
	GlobalSection(ProjectConfigurationPlatforms) = postSolution
		{824A2457-47A6-44E1-AD2D-E103EFA83F96}.Debug|Any CPU.ActiveCfg = Debug|Any CPU
		{824A2457-47A6-44E1-AD2D-E103EFA83F96}.Debug|Any CPU.Build.0 = Debug|Any CPU
		{824A2457-47A6-44E1-AD2D-E103EFA83F96}.Release|Any CPU.ActiveCfg = Release|Any CPU
		{824A2457-47A6-44E1-AD2D-E103EFA83F96}.Release|Any CPU.Build.0 = Release|Any CPU
	EndGlobalSection
	GlobalSection(SolutionProperties) = preSolution
		HideSolutionNode = FALSE
	EndGlobalSection
	GlobalSection(ExtensibilityGlobals) = postSolution
		SolutionGuid = {818C1CFE-DB9D-403D-B41B-38A50C84C2F0}
	EndGlobalSection
EndGlobal
