
Microsoft Visual Studio Solution File, Format Version 12.00
# Visual Studio Version 17
VisualStudioVersion = 17.13.35828.75 d17.13
MinimumVisualStudioVersion = 10.0.40219.1
Project("{FAE04EC0-301F-11D3-BF4B-00C04F79EFBC}") = "20250314", "20250314.csproj", "{6816AC54-A52A-4F8D-82AA-7E52E3589DEA}"
EndProject
Global
	GlobalSection(SolutionConfigurationPlatforms) = preSolution
		Debug|Any CPU = Debug|Any CPU
		Release|Any CPU = Release|Any CPU
	EndGlobalSection
	GlobalSection(ProjectConfigurationPlatforms) = postSolution
		{6816AC54-A52A-4F8D-82AA-7E52E3589DEA}.Debug|Any CPU.ActiveCfg = Debug|Any CPU
		{6816AC54-A52A-4F8D-82AA-7E52E3589DEA}.Debug|Any CPU.Build.0 = Debug|Any CPU
		{6816AC54-A52A-4F8D-82AA-7E52E3589DEA}.Release|Any CPU.ActiveCfg = Release|Any CPU
		{6816AC54-A52A-4F8D-82AA-7E52E3589DEA}.Release|Any CPU.Build.0 = Release|Any CPU
	EndGlobalSection
	GlobalSection(SolutionProperties) = preSolution
		HideSolutionNode = FALSE
	EndGlobalSection
	GlobalSection(ExtensibilityGlobals) = postSolution
		SolutionGuid = {79116C1F-D5E1-4C6F-A3E8-452BF19D5BF0}
	EndGlobalSection
EndGlobal
