
Microsoft Visual Studio Solution File, Format Version 12.00
# Visual Studio Version 17
VisualStudioVersion = 17.13.35919.96 d17.13
MinimumVisualStudioVersion = 10.0.40219.1
Project("{FAE04EC0-301F-11D3-BF4B-00C04F79EFBC}") = "20250406", "20250406.csproj", "{8AED8B77-ED76-4B04-9A82-BF18F326EC5A}"
EndProject
Global
	GlobalSection(SolutionConfigurationPlatforms) = preSolution
		Debug|Any CPU = Debug|Any CPU
		Release|Any CPU = Release|Any CPU
	EndGlobalSection
	GlobalSection(ProjectConfigurationPlatforms) = postSolution
		{8AED8B77-ED76-4B04-9A82-BF18F326EC5A}.Debug|Any CPU.ActiveCfg = Debug|Any CPU
		{8AED8B77-ED76-4B04-9A82-BF18F326EC5A}.Debug|Any CPU.Build.0 = Debug|Any CPU
		{8AED8B77-ED76-4B04-9A82-BF18F326EC5A}.Release|Any CPU.ActiveCfg = Release|Any CPU
		{8AED8B77-ED76-4B04-9A82-BF18F326EC5A}.Release|Any CPU.Build.0 = Release|Any CPU
	EndGlobalSection
	GlobalSection(SolutionProperties) = preSolution
		HideSolutionNode = FALSE
	EndGlobalSection
	GlobalSection(ExtensibilityGlobals) = postSolution
		SolutionGuid = {2F0EC67F-6489-4E26-8B23-D2A9298D4A76}
	EndGlobalSection
EndGlobal
