
Microsoft Visual Studio Solution File, Format Version 12.00
# Visual Studio Version 17
VisualStudioVersion = 17.13.35931.197 d17.13
MinimumVisualStudioVersion = 10.0.40219.1
Project("{FAE04EC0-301F-11D3-BF4B-00C04F79EFBC}") = "20250513", "20250513.csproj", "{683CE849-C760-44F5-9B1B-75F14015DABE}"
EndProject
Global
	GlobalSection(SolutionConfigurationPlatforms) = preSolution
		Debug|Any CPU = Debug|Any CPU
		Release|Any CPU = Release|Any CPU
	EndGlobalSection
	GlobalSection(ProjectConfigurationPlatforms) = postSolution
		{683CE849-C760-44F5-9B1B-75F14015DABE}.Debug|Any CPU.ActiveCfg = Debug|Any CPU
		{683CE849-C760-44F5-9B1B-75F14015DABE}.Debug|Any CPU.Build.0 = Debug|Any CPU
		{683CE849-C760-44F5-9B1B-75F14015DABE}.Release|Any CPU.ActiveCfg = Release|Any CPU
		{683CE849-C760-44F5-9B1B-75F14015DABE}.Release|Any CPU.Build.0 = Release|Any CPU
	EndGlobalSection
	GlobalSection(SolutionProperties) = preSolution
		HideSolutionNode = FALSE
	EndGlobalSection
	GlobalSection(ExtensibilityGlobals) = postSolution
		SolutionGuid = {BB059D03-79E0-40E2-BADB-EEA85DF77A07}
	EndGlobalSection
EndGlobal
