
Microsoft Visual Studio Solution File, Format Version 12.00
# Visual Studio Version 17
VisualStudioVersion = 17.13.35919.96 d17.13
MinimumVisualStudioVersion = 10.0.40219.1
Project("{FAE04EC0-301F-11D3-BF4B-00C04F79EFBC}") = "20250401_01", "20250401_01.csproj", "{A5576D25-8779-4500-B941-9B0249566B0B}"
EndProject
Global
	GlobalSection(SolutionConfigurationPlatforms) = preSolution
		Debug|Any CPU = Debug|Any CPU
		Release|Any CPU = Release|Any CPU
	EndGlobalSection
	GlobalSection(ProjectConfigurationPlatforms) = postSolution
		{A5576D25-8779-4500-B941-9B0249566B0B}.Debug|Any CPU.ActiveCfg = Debug|Any CPU
		{A5576D25-8779-4500-B941-9B0249566B0B}.Debug|Any CPU.Build.0 = Debug|Any CPU
		{A5576D25-8779-4500-B941-9B0249566B0B}.Release|Any CPU.ActiveCfg = Release|Any CPU
		{A5576D25-8779-4500-B941-9B0249566B0B}.Release|Any CPU.Build.0 = Release|Any CPU
	EndGlobalSection
	GlobalSection(SolutionProperties) = preSolution
		HideSolutionNode = FALSE
	EndGlobalSection
	GlobalSection(ExtensibilityGlobals) = postSolution
		SolutionGuid = {35194819-9020-4CA6-B126-E67703CB895A}
	EndGlobalSection
EndGlobal
