
Microsoft Visual Studio Solution File, Format Version 12.00
# Visual Studio Version 17
VisualStudioVersion = 17.13.35913.81 d17.13
MinimumVisualStudioVersion = 10.0.40219.1
Project("{FAE04EC0-301F-11D3-BF4B-00C04F79EFBC}") = "20250323", "20250323.csproj", "{5E69F308-DF32-46F1-BA6F-49345D4A953D}"
EndProject
Global
	GlobalSection(SolutionConfigurationPlatforms) = preSolution
		Debug|Any CPU = Debug|Any CPU
		Release|Any CPU = Release|Any CPU
	EndGlobalSection
	GlobalSection(ProjectConfigurationPlatforms) = postSolution
		{5E69F308-DF32-46F1-BA6F-49345D4A953D}.Debug|Any CPU.ActiveCfg = Debug|Any CPU
		{5E69F308-DF32-46F1-BA6F-49345D4A953D}.Debug|Any CPU.Build.0 = Debug|Any CPU
		{5E69F308-DF32-46F1-BA6F-49345D4A953D}.Release|Any CPU.ActiveCfg = Release|Any CPU
		{5E69F308-DF32-46F1-BA6F-49345D4A953D}.Release|Any CPU.Build.0 = Release|Any CPU
	EndGlobalSection
	GlobalSection(SolutionProperties) = preSolution
		HideSolutionNode = FALSE
	EndGlobalSection
	GlobalSection(ExtensibilityGlobals) = postSolution
		SolutionGuid = {E880C26C-DF14-4C51-A65A-0C0A2E4DA4D2}
	EndGlobalSection
EndGlobal
