
Microsoft Visual Studio Solution File, Format Version 12.00
# Visual Studio Version 17
VisualStudioVersion = 17.13.35919.96 d17.13
MinimumVisualStudioVersion = 10.0.40219.1
Project("{FAE04EC0-301F-11D3-BF4B-00C04F79EFBC}") = "20250401", "20250401.csproj", "{8F7EB5D6-E05A-4409-8919-54EE1737B7C0}"
EndProject
Global
	GlobalSection(SolutionConfigurationPlatforms) = preSolution
		Debug|Any CPU = Debug|Any CPU
		Release|Any CPU = Release|Any CPU
	EndGlobalSection
	GlobalSection(ProjectConfigurationPlatforms) = postSolution
		{8F7EB5D6-E05A-4409-8919-54EE1737B7C0}.Debug|Any CPU.ActiveCfg = Debug|Any CPU
		{8F7EB5D6-E05A-4409-8919-54EE1737B7C0}.Debug|Any CPU.Build.0 = Debug|Any CPU
		{8F7EB5D6-E05A-4409-8919-54EE1737B7C0}.Release|Any CPU.ActiveCfg = Release|Any CPU
		{8F7EB5D6-E05A-4409-8919-54EE1737B7C0}.Release|Any CPU.Build.0 = Release|Any CPU
	EndGlobalSection
	GlobalSection(SolutionProperties) = preSolution
		HideSolutionNode = FALSE
	EndGlobalSection
	GlobalSection(ExtensibilityGlobals) = postSolution
		SolutionGuid = {8435FD8F-50C6-4465-B382-FC7B2E0D80C8}
	EndGlobalSection
EndGlobal
