
Microsoft Visual Studio Solution File, Format Version 12.00
# Visual Studio Version 17
VisualStudioVersion = 17.13.35931.197 d17.13
MinimumVisualStudioVersion = 10.0.40219.1
Project("{FAE04EC0-301F-11D3-BF4B-00C04F79EFBC}") = "20250409", "20250409.csproj", "{3BCF211F-CFE0-4600-AE51-A11CA8CF1E3F}"
EndProject
Global
	GlobalSection(SolutionConfigurationPlatforms) = preSolution
		Debug|Any CPU = Debug|Any CPU
		Release|Any CPU = Release|Any CPU
	EndGlobalSection
	GlobalSection(ProjectConfigurationPlatforms) = postSolution
		{3BCF211F-CFE0-4600-AE51-A11CA8CF1E3F}.Debug|Any CPU.ActiveCfg = Debug|Any CPU
		{3BCF211F-CFE0-4600-AE51-A11CA8CF1E3F}.Debug|Any CPU.Build.0 = Debug|Any CPU
		{3BCF211F-CFE0-4600-AE51-A11CA8CF1E3F}.Release|Any CPU.ActiveCfg = Release|Any CPU
		{3BCF211F-CFE0-4600-AE51-A11CA8CF1E3F}.Release|Any CPU.Build.0 = Release|Any CPU
	EndGlobalSection
	GlobalSection(SolutionProperties) = preSolution
		HideSolutionNode = FALSE
	EndGlobalSection
	GlobalSection(ExtensibilityGlobals) = postSolution
		SolutionGuid = {CDA2D1CE-0A97-49FC-B804-59E8A6973B8F}
	EndGlobalSection
EndGlobal
