
Microsoft Visual Studio Solution File, Format Version 12.00
# Visual Studio Version 17
VisualStudioVersion = 17.13.35806.99 d17.13
MinimumVisualStudioVersion = 10.0.40219.1
Project("{FAE04EC0-301F-11D3-BF4B-00C04F79EFBC}") = "20250220_BitmapBrushDashBorder", "20250220_BitmapBrushDashBorder.csproj", "{9BB17DEA-C09D-43CF-86B6-EC33D92A9A89}"
EndProject
Global
	GlobalSection(SolutionConfigurationPlatforms) = preSolution
		Debug|Any CPU = Debug|Any CPU
		Release|Any CPU = Release|Any CPU
	EndGlobalSection
	GlobalSection(ProjectConfigurationPlatforms) = postSolution
		{9BB17DEA-C09D-43CF-86B6-EC33D92A9A89}.Debug|Any CPU.ActiveCfg = Debug|Any CPU
		{9BB17DEA-C09D-43CF-86B6-EC33D92A9A89}.Debug|Any CPU.Build.0 = Debug|Any CPU
		{9BB17DEA-C09D-43CF-86B6-EC33D92A9A89}.Release|Any CPU.ActiveCfg = Release|Any CPU
		{9BB17DEA-C09D-43CF-86B6-EC33D92A9A89}.Release|Any CPU.Build.0 = Release|Any CPU
	EndGlobalSection
	GlobalSection(SolutionProperties) = preSolution
		HideSolutionNode = FALSE
	EndGlobalSection
	GlobalSection(ExtensibilityGlobals) = postSolution
		SolutionGuid = {A1AFCBEE-1B98-441B-AF5D-E9676E4B4547}
	EndGlobalSection
EndGlobal
